
Microsoft Visual Studio Solution File, Format Version 12.00
# Visual Studio Version 16
VisualStudioVersion = 16.0.32106.194
MinimumVisualStudioVersion = 10.0.40219.1
Project("{FAE04EC0-301F-11D3-BF4B-00C04F79EFBC}") = "SimpleCalculator", "SimpleCalculator\SimpleCalculator.csproj", "{5FA0208D-E5AA-4970-80A2-DE03A4D0960E}"
EndProject
Global
	GlobalSection(SolutionConfigurationPlatforms) = preSolution
		Debug|Any CPU = Debug|Any CPU
		Release|Any CPU = Release|Any CPU
	EndGlobalSection
	GlobalSection(ProjectConfigurationPlatforms) = postSolution
		{5FA0208D-E5AA-4970-80A2-DE03A4D0960E}.Debug|Any CPU.ActiveCfg = Debug|Any CPU
		{5FA0208D-E5AA-4970-80A2-DE03A4D0960E}.Debug|Any CPU.Build.0 = Debug|Any CPU
		{5FA0208D-E5AA-4970-80A2-DE03A4D0960E}.Release|Any CPU.ActiveCfg = Release|Any CPU
		{5FA0208D-E5AA-4970-80A2-DE03A4D0960E}.Release|Any CPU.Build.0 = Release|Any CPU
	EndGlobalSection
	GlobalSection(SolutionProperties) = preSolution
		HideSolutionNode = FALSE
	EndGlobalSection
	GlobalSection(ExtensibilityGlobals) = postSolution
		SolutionGuid = {A1FC20F4-5470-4B46-84AA-A5F10AC2A006}
	EndGlobalSection
EndGlobal
